# This file is autogenerated, do not edit; changes may be undone by the next 'dep ensure'.


[[projects]]
  digest = "1:26ee1e365ea8f312ee11e170fc6675bac0dd3d4adf2406e753d0a43527e1afb8"
  name = "cloud.google.com/go"
  packages = ["compute/metadata"]
  pruneopts = "UT"
  revision = "264def2dd949cdb8a803bb9f50fa29a67b798a6a"
  version = "v0.46.3"

[[projects]]
  digest = "1:573ca21d3669500ff845bdebee890eb7fc7f0f50c59f2132f2a0c6b03d85086a"
  name = "github.com/golang/protobuf"
  packages = ["proto"]
  pruneopts = "UT"
  revision = "6c65a5562fc06764971b7c5d05c76c75e84bdbf7"
  version = "v1.3.2"

[[projects]]
  branch = "master"
  digest = "1:562fc7c45fb24cd6519f945e4a9a626455c871853ad0cb009908cf4269f9375a"
  name = "github.com/lock-free/goaio"
  packages = ["."]
  pruneopts = "UT"
  revision = "9d53a70585c6663b54f9ce6dfbfce7259ad09e25"

[[projects]]
  branch = "master"
  digest = "1:3fcb1ee797279c52137484ade5321003b2e362a9c5ef86c197e3deb9882b0504"
  name = "github.com/lock-free/gopcp"
  packages = ["."]
  pruneopts = "UT"
  revision = "f39bb882c4f98e56afe0c75ba2f0eca4f89869e8"

[[projects]]
  branch = "master"
  digest = "1:8ed2836c27dca9d8fc626ee9b9daf9ced6f99f06e901f73dc4f3d0a38db39a59"
  name = "github.com/lock-free/gopcp_rpc"
  packages = ["."]
  pruneopts = "UT"
  revision = "7d0925f6c026103d18932a1527842fb894b15b07"

[[projects]]
  branch = "master"
  digest = "1:874dcd3e0f61dffb8a5c29dd16fd9641b135075ee5812db8984587e8e2773fb8"
  name = "github.com/lock-free/gopcp_stream"
  packages = ["."]
  pruneopts = "UT"
  revision = "eae38c487ee2249f783756e1975edc9f7ed8c4b6"

[[projects]]
  branch = "master"
  digest = "1:9d0f1d5239e82b93dbed4775577e17e45de497982ebe5b6eb0dea1b6c108b04d"
  name = "github.com/lock-free/gopool"
  packages = ["."]
  pruneopts = "UT"
  revision = "329206275cf067eb4e3d868d29b8948dbdc88879"

[[projects]]
  branch = "master"
  digest = "1:1056d8a490019ff65b05b2160906780b93d73b3148a8188861d2c75a96d57587"
  name = "github.com/lock-free/obrero"
  packages = [
    ".",
    "napool",
    "utils",
  ]
  pruneopts = "UT"
  revision = "18ec4f3e2ea040542ff23bba713ac861092ac42a"

[[projects]]
  digest = "1:274f67cb6fed9588ea2521ecdac05a6d62a8c51c074c1fccc6a49a40ba80e925"
  name = "github.com/satori/go.uuid"
  packages = ["."]
  pruneopts = "UT"
  revision = "f58768cc1a7a7e77a3bd49e98cdd21419399b6a3"
  version = "v1.2.0"

[[projects]]
  branch = "master"
  digest = "1:f8b491a7c25030a895a0e579742d07136e6958e77ef2d46e769db8eec4e58fcd"
  name = "golang.org/x/net"
  packages = [
    "context",
    "context/ctxhttp",
  ]
  pruneopts = "UT"
  revision = "a8b05e9114ab0cb08faec337c959aed24b68bf50"

[[projects]]
  branch = "master"
  digest = "1:31e33f76456ccf54819ab4a646cf01271d1a99d7712ab84bf1a9e7b61cd2031b"
  name = "golang.org/x/oauth2"
  packages = [
    ".",
    "google",
    "internal",
    "jws",
    "jwt",
  ]
  pruneopts = "UT"
  revision = "0f29369cfe4552d0e4bcddc57cc75f4d7e672a33"

[[projects]]
  digest = "1:498b722d33dde4471e7d6e5d88a5e7132d2a8306fea5ff5ee82d1f418b4f41ed"
  name = "google.golang.org/appengine"
  packages = [
    ".",
    "internal",
    "internal/app_identity",
    "internal/base",
    "internal/datastore",
    "internal/log",
    "internal/modules",
    "internal/remote_api",
    "internal/urlfetch",
    "urlfetch",
  ]
  pruneopts = "UT"
  revision = "5f2a59506353b8d5ba8cbbcd9f3c1f41f1eaf079"
  version = "v1.6.2"

[solve-meta]
  analyzer-name = "dep"
  analyzer-version = 1
  input-imports = [
    "github.com/lock-free/gopcp",
    "github.com/lock-free/gopcp_stream",
    "github.com/lock-free/obrero",
    "golang.org/x/oauth2",
    "golang.org/x/oauth2/google",
  ]
  solver-name = "gps-cdcl"
  solver-version = 1
